// !$*UTF8*$!
{
	archiveVersion = 1;
	classes = {
	};
	objectVersion = 50;
	objects = {

/* Begin PBXBuildFile section */
		482609D9265D150100DE452E /* UserTable.swift in Sources */ = {isa = PBXBuildFile; fileRef = 482609D8265D150100DE452E /* UserTable.swift */; };
		482609E5265D15F900DE452E /* DBHelper.swift in Sources */ = {isa = PBXBuildFile; fileRef = 482609E4265D15F900DE452E /* DBHelper.swift */; };
		482609F0265D610000DE452E /* ProvincesTable.swift in Sources */ = {isa = PBXBuildFile; fileRef = 482609EF265D610000DE452E /* ProvincesTable.swift */; };
		483EF0EB267E4487009E6E4E /* balanceAPI.swift in Sources */ = {isa = PBXBuildFile; fileRef = 483EF0EA267E4487009E6E4E /* balanceAPI.swift */; };
		483EF0F4267E6021009E6E4E /* Balance.swift in Sources */ = {isa = PBXBuildFile; fileRef = 483EF0F3267E6021009E6E4E /* Balance.swift */; };
		483EF0F6267F4C65009E6E4E /* Transaction.swift in Sources */ = {isa = PBXBuildFile; fileRef = 483EF0F5267F4C65009E6E4E /* Transaction.swift */; };
		483EF0F8267F4DCB009E6E4E /* TransactionAPI.swift in Sources */ = {isa = PBXBuildFile; fileRef = 483EF0F7267F4DCB009E6E4E /* TransactionAPI.swift */; };
		4851D6082680D0E900BC9515 /* Tracking.swift in Sources */ = {isa = PBXBuildFile; fileRef = 4851D6072680D0E900BC9515 /* Tracking.swift */; };
		4851D60A2680D2D000BC9515 /* TrackingAPI.swift in Sources */ = {isa = PBXBuildFile; fileRef = 4851D6092680D2D000BC9515 /* TrackingAPI.swift */; };
		4851D60C26820ACB00BC9515 /* ServiceFee.swift in Sources */ = {isa = PBXBuildFile; fileRef = 4851D60B26820ACB00BC9515 /* ServiceFee.swift */; };
		4851D60E26820B4800BC9515 /* ServiceFeeAPI.swift in Sources */ = {isa = PBXBuildFile; fileRef = 4851D60D26820B4800BC9515 /* ServiceFeeAPI.swift */; };
		4851D6102682283300BC9515 /* Cashout.swift in Sources */ = {isa = PBXBuildFile; fileRef = 4851D60F2682283300BC9515 /* Cashout.swift */; };
		4851D6122682288A00BC9515 /* CashoutAPI.swift in Sources */ = {isa = PBXBuildFile; fileRef = 4851D6112682288A00BC9515 /* CashoutAPI.swift */; };
		4851D6142686ED1E00BC9515 /* Province.swift in Sources */ = {isa = PBXBuildFile; fileRef = 4851D6132686ED1E00BC9515 /* Province.swift */; };
		4851D6162686ED7400BC9515 /* City.swift in Sources */ = {isa = PBXBuildFile; fileRef = 4851D6152686ED7400BC9515 /* City.swift */; };
		4851D6182686EDAF00BC9515 /* CivilStatus.swift in Sources */ = {isa = PBXBuildFile; fileRef = 4851D6172686EDAF00BC9515 /* CivilStatus.swift */; };
		4851D61A2686EDE800BC9515 /* Gender.swift in Sources */ = {isa = PBXBuildFile; fileRef = 4851D6192686EDE800BC9515 /* Gender.swift */; };
		4851D61C2686EE0E00BC9515 /* Nationality.swift in Sources */ = {isa = PBXBuildFile; fileRef = 4851D61B2686EE0E00BC9515 /* Nationality.swift */; };
		4851D61E2686EE7B00BC9515 /* IdType.swift in Sources */ = {isa = PBXBuildFile; fileRef = 4851D61D2686EE7B00BC9515 /* IdType.swift */; };
		4851D6202686EEAA00BC9515 /* Suffix.swift in Sources */ = {isa = PBXBuildFile; fileRef = 4851D61F2686EEAA00BC9515 /* Suffix.swift */; };
		4851D6222686EEDE00BC9515 /* rtaBank.swift in Sources */ = {isa = PBXBuildFile; fileRef = 4851D6212686EEDE00BC9515 /* rtaBank.swift */; };
		4851D6242686EFA200BC9515 /* rtaAcctType.swift in Sources */ = {isa = PBXBuildFile; fileRef = 4851D6232686EFA200BC9515 /* rtaAcctType.swift */; };
		4851D6262686EFEC00BC9515 /* rtaCutoffMsgs.swift in Sources */ = {isa = PBXBuildFile; fileRef = 4851D6252686EFEC00BC9515 /* rtaCutoffMsgs.swift */; };
		4851D6282686F03800BC9515 /* Dictionary.swift in Sources */ = {isa = PBXBuildFile; fileRef = 4851D6272686F03800BC9515 /* Dictionary.swift */; };
		4851D62B2686F13D00BC9515 /* DictionaryAPI.swift in Sources */ = {isa = PBXBuildFile; fileRef = 4851D62A2686F13C00BC9515 /* DictionaryAPI.swift */; };
		4865807F2687805900847566 /* SignupAPI.swift in Sources */ = {isa = PBXBuildFile; fileRef = 4865807E2687805900847566 /* SignupAPI.swift */; };
		486580812687F42600847566 /* Signup.swift in Sources */ = {isa = PBXBuildFile; fileRef = 486580802687F42600847566 /* Signup.swift */; };
		486580832688D29100847566 /* ChangePass.swift in Sources */ = {isa = PBXBuildFile; fileRef = 486580822688D29100847566 /* ChangePass.swift */; };
		486580852688D33400847566 /* ChangePassAPI.swift in Sources */ = {isa = PBXBuildFile; fileRef = 486580842688D33400847566 /* ChangePassAPI.swift */; };
		486580872688D7CC00847566 /* RTAAccounts.swift in Sources */ = {isa = PBXBuildFile; fileRef = 486580862688D7CC00847566 /* RTAAccounts.swift */; };
		486580892688D8CD00847566 /* RTAAccountsAPI.swift in Sources */ = {isa = PBXBuildFile; fileRef = 486580882688D8CC00847566 /* RTAAccountsAPI.swift */; };
		4865808B2688ECD500847566 /* RTATransferAPI.swift in Sources */ = {isa = PBXBuildFile; fileRef = 4865808A2688ECD400847566 /* RTATransferAPI.swift */; };
		487CAAE72621E279008A971D /* myLBCApp.swift in Sources */ = {isa = PBXBuildFile; fileRef = 487CAAE62621E279008A971D /* myLBCApp.swift */; };
		487CAAE92621E279008A971D /* ContentView.swift in Sources */ = {isa = PBXBuildFile; fileRef = 487CAAE82621E279008A971D /* ContentView.swift */; };
		487CAAEB2621E27A008A971D /* Assets.xcassets in Resources */ = {isa = PBXBuildFile; fileRef = 487CAAEA2621E27A008A971D /* Assets.xcassets */; };
		487CAAEE2621E27A008A971D /* Preview Assets.xcassets in Resources */ = {isa = PBXBuildFile; fileRef = 487CAAED2621E27A008A971D /* Preview Assets.xcassets */; };
		487CAAF02621E27A008A971D /* Persistence.swift in Sources */ = {isa = PBXBuildFile; fileRef = 487CAAEF2621E27A008A971D /* Persistence.swift */; };
		487CAAF32621E27A008A971D /* myLBC.xcdatamodeld in Sources */ = {isa = PBXBuildFile; fileRef = 487CAAF12621E27A008A971D /* myLBC.xcdatamodeld */; };
		487CAAFE2621E27B008A971D /* myLBCTests.swift in Sources */ = {isa = PBXBuildFile; fileRef = 487CAAFD2621E27B008A971D /* myLBCTests.swift */; };
		487CAB092621E27B008A971D /* myLBCUITests.swift in Sources */ = {isa = PBXBuildFile; fileRef = 487CAB082621E27B008A971D /* myLBCUITests.swift */; };
		487CAB1A262AEC5D008A971D /* Login.swift in Sources */ = {isa = PBXBuildFile; fileRef = 487CAB19262AEC5D008A971D /* Login.swift */; };
		487CAB23262AF373008A971D /* CustomTextField.swift in Sources */ = {isa = PBXBuildFile; fileRef = 487CAB22262AF373008A971D /* CustomTextField.swift */; };
		487CAB28262B2C4A008A971D /* RememberMeField.swift in Sources */ = {isa = PBXBuildFile; fileRef = 487CAB27262B2C4A008A971D /* RememberMeField.swift */; };
		487CAB2D262B2FA5008A971D /* ForgotPassword.swift in Sources */ = {isa = PBXBuildFile; fileRef = 487CAB2C262B2FA5008A971D /* ForgotPassword.swift */; };
		487CAB32262B353C008A971D /* ForgotPasswordSheet.swift in Sources */ = {isa = PBXBuildFile; fileRef = 487CAB31262B353C008A971D /* ForgotPasswordSheet.swift */; };
		487CAB37262B36D9008A971D /* CustomButton.swift in Sources */ = {isa = PBXBuildFile; fileRef = 487CAB36262B36D9008A971D /* CustomButton.swift */; };
		487CAB3C262BB224008A971D /* RegisterForm.swift in Sources */ = {isa = PBXBuildFile; fileRef = 487CAB3B262BB224008A971D /* RegisterForm.swift */; };
		487CAB47262C43ED008A971D /* CustomTextFieldReg.swift in Sources */ = {isa = PBXBuildFile; fileRef = 487CAB46262C43ED008A971D /* CustomTextFieldReg.swift */; };
		487CAB53262D1C83008A971D /* RegisterForm2.swift in Sources */ = {isa = PBXBuildFile; fileRef = 487CAB52262D1C83008A971D /* RegisterForm2.swift */; };
		487CAB5E262D2D3C008A971D /* RegisterForm3.swift in Sources */ = {isa = PBXBuildFile; fileRef = 487CAB5D262D2D3C008A971D /* RegisterForm3.swift */; };
		487CAB6D262E6700008A971D /* Home.swift in Sources */ = {isa = PBXBuildFile; fileRef = 487CAB6C262E6700008A971D /* Home.swift */; };
		487CAB75262E6873008A971D /* MenuView.swift in Sources */ = {isa = PBXBuildFile; fileRef = 487CAB74262E6873008A971D /* MenuView.swift */; };
		487CAB7A2633DFBE008A971D /* ComingSoonSheet.swift in Sources */ = {isa = PBXBuildFile; fileRef = 487CAB792633DFBE008A971D /* ComingSoonSheet.swift */; };
		487CAB7F2633FECD008A971D /* TransactionHistory.swift in Sources */ = {isa = PBXBuildFile; fileRef = 487CAB7E2633FECD008A971D /* TransactionHistory.swift */; };
		487CAB85263402DC008A971D /* PendingView.swift in Sources */ = {isa = PBXBuildFile; fileRef = 487CAB84263402DC008A971D /* PendingView.swift */; };
		487CAB8A263402E5008A971D /* CompletedView.swift in Sources */ = {isa = PBXBuildFile; fileRef = 487CAB89263402E5008A971D /* CompletedView.swift */; };
		487CAB8F26340B79008A971D /* TransactionDetailSheet.swift in Sources */ = {isa = PBXBuildFile; fileRef = 487CAB8E26340B79008A971D /* TransactionDetailSheet.swift */; };
		487CAB942634132B008A971D /* CashOut.swift in Sources */ = {isa = PBXBuildFile; fileRef = 487CAB932634132B008A971D /* CashOut.swift */; };
		487CAB9926341F76008A971D /* BranchCollect.swift in Sources */ = {isa = PBXBuildFile; fileRef = 487CAB9826341F75008A971D /* BranchCollect.swift */; };
		487CAB9E263449DF008A971D /* Transfer.swift in Sources */ = {isa = PBXBuildFile; fileRef = 487CAB9D263449DF008A971D /* Transfer.swift */; };
		487CABA3263450AF008A971D /* BankAccount.swift in Sources */ = {isa = PBXBuildFile; fileRef = 487CABA2263450AF008A971D /* BankAccount.swift */; };
		487CABA8263454B1008A971D /* SavedAccounts.swift in Sources */ = {isa = PBXBuildFile; fileRef = 487CABA7263454B1008A971D /* SavedAccounts.swift */; };
		487CABAD263479ED008A971D /* CustomTextFieldTransfer.swift in Sources */ = {isa = PBXBuildFile; fileRef = 487CABAC263479ED008A971D /* CustomTextFieldTransfer.swift */; };
		488F5237263485F00031DEEE /* BankAccount2.swift in Sources */ = {isa = PBXBuildFile; fileRef = 488F5236263485F00031DEEE /* BankAccount2.swift */; };
		488F523C263595A30031DEEE /* TrackTrace.swift in Sources */ = {isa = PBXBuildFile; fileRef = 488F523B263595A30031DEEE /* TrackTrace.swift */; };
		488F524126359C890031DEEE /* Profile.swift in Sources */ = {isa = PBXBuildFile; fileRef = 488F524026359C890031DEEE /* Profile.swift */; };
		488F524E2635A5CA0031DEEE /* EnterPin.swift in Sources */ = {isa = PBXBuildFile; fileRef = 488F524D2635A5CA0031DEEE /* EnterPin.swift */; };
		488F52532635A79E0031DEEE /* Security.swift in Sources */ = {isa = PBXBuildFile; fileRef = 488F52522635A79E0031DEEE /* Security.swift */; };
		488F525B2635B56D0031DEEE /* ChangePassword.swift in Sources */ = {isa = PBXBuildFile; fileRef = 488F525A2635B56D0031DEEE /* ChangePassword.swift */; };
		488F5264265A645E0031DEEE /* CoreDataManager.swift in Sources */ = {isa = PBXBuildFile; fileRef = 488F5263265A645E0031DEEE /* CoreDataManager.swift */; };
/* End PBXBuildFile section */

/* Begin PBXContainerItemProxy section */
		487CAAFA2621E27B008A971D /* PBXContainerItemProxy */ = {
			isa = PBXContainerItemProxy;
			containerPortal = 487CAADB2621E279008A971D /* Project object */;
			proxyType = 1;
			remoteGlobalIDString = 487CAAE22621E279008A971D;
			remoteInfo = myLBC;
		};
		487CAB052621E27B008A971D /* PBXContainerItemProxy */ = {
			isa = PBXContainerItemProxy;
			containerPortal = 487CAADB2621E279008A971D /* Project object */;
			proxyType = 1;
			remoteGlobalIDString = 487CAAE22621E279008A971D;
			remoteInfo = myLBC;
		};
/* End PBXContainerItemProxy section */

/* Begin PBXFileReference section */
		482609D8265D150100DE452E /* UserTable.swift */ = {isa = PBXFileReference; lastKnownFileType = sourcecode.swift; path = UserTable.swift; sourceTree = "<group>"; };
		482609E4265D15F900DE452E /* DBHelper.swift */ = {isa = PBXFileReference; lastKnownFileType = sourcecode.swift; path = DBHelper.swift; sourceTree = "<group>"; };
		482609EF265D610000DE452E /* ProvincesTable.swift */ = {isa = PBXFileReference; lastKnownFileType = sourcecode.swift; path = ProvincesTable.swift; sourceTree = "<group>"; };
		483EF0EA267E4487009E6E4E /* balanceAPI.swift */ = {isa = PBXFileReference; lastKnownFileType = sourcecode.swift; path = balanceAPI.swift; sourceTree = "<group>"; };
		483EF0F3267E6021009E6E4E /* Balance.swift */ = {isa = PBXFileReference; lastKnownFileType = sourcecode.swift; path = Balance.swift; sourceTree = "<group>"; };
		483EF0F5267F4C65009E6E4E /* Transaction.swift */ = {isa = PBXFileReference; lastKnownFileType = sourcecode.swift; path = Transaction.swift; sourceTree = "<group>"; };
		483EF0F7267F4DCB009E6E4E /* TransactionAPI.swift */ = {isa = PBXFileReference; lastKnownFileType = sourcecode.swift; path = TransactionAPI.swift; sourceTree = "<group>"; };
		4851D6072680D0E900BC9515 /* Tracking.swift */ = {isa = PBXFileReference; lastKnownFileType = sourcecode.swift; path = Tracking.swift; sourceTree = "<group>"; };
		4851D6092680D2D000BC9515 /* TrackingAPI.swift */ = {isa = PBXFileReference; lastKnownFileType = sourcecode.swift; path = TrackingAPI.swift; sourceTree = "<group>"; };
		4851D60B26820ACB00BC9515 /* ServiceFee.swift */ = {isa = PBXFileReference; lastKnownFileType = sourcecode.swift; path = ServiceFee.swift; sourceTree = "<group>"; };
		4851D60D26820B4800BC9515 /* ServiceFeeAPI.swift */ = {isa = PBXFileReference; lastKnownFileType = sourcecode.swift; path = ServiceFeeAPI.swift; sourceTree = "<group>"; };
		4851D60F2682283300BC9515 /* Cashout.swift */ = {isa = PBXFileReference; lastKnownFileType = sourcecode.swift; path = Cashout.swift; sourceTree = "<group>"; };
		4851D6112682288A00BC9515 /* CashoutAPI.swift */ = {isa = PBXFileReference; lastKnownFileType = sourcecode.swift; path = CashoutAPI.swift; sourceTree = "<group>"; };
		4851D6132686ED1E00BC9515 /* Province.swift */ = {isa = PBXFileReference; lastKnownFileType = sourcecode.swift; path = Province.swift; sourceTree = "<group>"; };
		4851D6152686ED7400BC9515 /* City.swift */ = {isa = PBXFileReference; lastKnownFileType = sourcecode.swift; path = City.swift; sourceTree = "<group>"; };
		4851D6172686EDAF00BC9515 /* CivilStatus.swift */ = {isa = PBXFileReference; lastKnownFileType = sourcecode.swift; path = CivilStatus.swift; sourceTree = "<group>"; };
		4851D6192686EDE800BC9515 /* Gender.swift */ = {isa = PBXFileReference; lastKnownFileType = sourcecode.swift; path = Gender.swift; sourceTree = "<group>"; };
		4851D61B2686EE0E00BC9515 /* Nationality.swift */ = {isa = PBXFileReference; lastKnownFileType = sourcecode.swift; path = Nationality.swift; sourceTree = "<group>"; };
		4851D61D2686EE7B00BC9515 /* IdType.swift */ = {isa = PBXFileReference; lastKnownFileType = sourcecode.swift; path = IdType.swift; sourceTree = "<group>"; };
		4851D61F2686EEAA00BC9515 /* Suffix.swift */ = {isa = PBXFileReference; lastKnownFileType = sourcecode.swift; path = Suffix.swift; sourceTree = "<group>"; };
		4851D6212686EEDE00BC9515 /* rtaBank.swift */ = {isa = PBXFileReference; lastKnownFileType = sourcecode.swift; path = rtaBank.swift; sourceTree = "<group>"; };
		4851D6232686EFA200BC9515 /* rtaAcctType.swift */ = {isa = PBXFileReference; lastKnownFileType = sourcecode.swift; path = rtaAcctType.swift; sourceTree = "<group>"; };
		4851D6252686EFEC00BC9515 /* rtaCutoffMsgs.swift */ = {isa = PBXFileReference; lastKnownFileType = sourcecode.swift; path = rtaCutoffMsgs.swift; sourceTree = "<group>"; };
		4851D6272686F03800BC9515 /* Dictionary.swift */ = {isa = PBXFileReference; lastKnownFileType = sourcecode.swift; path = Dictionary.swift; sourceTree = "<group>"; };
		4851D62A2686F13C00BC9515 /* DictionaryAPI.swift */ = {isa = PBXFileReference; lastKnownFileType = sourcecode.swift; path = DictionaryAPI.swift; sourceTree = "<group>"; };
		4865807E2687805900847566 /* SignupAPI.swift */ = {isa = PBXFileReference; lastKnownFileType = sourcecode.swift; path = SignupAPI.swift; sourceTree = "<group>"; };
		486580802687F42600847566 /* Signup.swift */ = {isa = PBXFileReference; lastKnownFileType = sourcecode.swift; path = Signup.swift; sourceTree = "<group>"; };
		486580822688D29100847566 /* ChangePass.swift */ = {isa = PBXFileReference; lastKnownFileType = sourcecode.swift; path = ChangePass.swift; sourceTree = "<group>"; };
		486580842688D33400847566 /* ChangePassAPI.swift */ = {isa = PBXFileReference; lastKnownFileType = sourcecode.swift; path = ChangePassAPI.swift; sourceTree = "<group>"; };
		486580862688D7CC00847566 /* RTAAccounts.swift */ = {isa = PBXFileReference; lastKnownFileType = sourcecode.swift; path = RTAAccounts.swift; sourceTree = "<group>"; };
		486580882688D8CC00847566 /* RTAAccountsAPI.swift */ = {isa = PBXFileReference; lastKnownFileType = sourcecode.swift; path = RTAAccountsAPI.swift; sourceTree = "<group>"; };
		4865808A2688ECD400847566 /* RTATransferAPI.swift */ = {isa = PBXFileReference; lastKnownFileType = sourcecode.swift; path = RTATransferAPI.swift; sourceTree = "<group>"; };
		487CAAE32621E279008A971D /* myLBC.app */ = {isa = PBXFileReference; explicitFileType = wrapper.application; includeInIndex = 0; path = myLBC.app; sourceTree = BUILT_PRODUCTS_DIR; };
		487CAAE62621E279008A971D /* myLBCApp.swift */ = {isa = PBXFileReference; lastKnownFileType = sourcecode.swift; path = myLBCApp.swift; sourceTree = "<group>"; };
		487CAAE82621E279008A971D /* ContentView.swift */ = {isa = PBXFileReference; lastKnownFileType = sourcecode.swift; path = ContentView.swift; sourceTree = "<group>"; };
		487CAAEA2621E27A008A971D /* Assets.xcassets */ = {isa = PBXFileReference; lastKnownFileType = folder.assetcatalog; path = Assets.xcassets; sourceTree = "<group>"; };
		487CAAED2621E27A008A971D /* Preview Assets.xcassets */ = {isa = PBXFileReference; lastKnownFileType = folder.assetcatalog; path = "Preview Assets.xcassets"; sourceTree = "<group>"; };
		487CAAEF2621E27A008A971D /* Persistence.swift */ = {isa = PBXFileReference; lastKnownFileType = sourcecode.swift; path = Persistence.swift; sourceTree = "<group>"; };
		487CAAF22621E27A008A971D /* myLBC.xcdatamodel */ = {isa = PBXFileReference; lastKnownFileType = wrapper.xcdatamodel; path = myLBC.xcdatamodel; sourceTree = "<group>"; };
		487CAAF42621E27A008A971D /* Info.plist */ = {isa = PBXFileReference; lastKnownFileType = text.plist.xml; path = Info.plist; sourceTree = "<group>"; };
		487CAAF92621E27B008A971D /* myLBCTests.xctest */ = {isa = PBXFileReference; explicitFileType = wrapper.cfbundle; includeInIndex = 0; path = myLBCTests.xctest; sourceTree = BUILT_PRODUCTS_DIR; };
		487CAAFD2621E27B008A971D /* myLBCTests.swift */ = {isa = PBXFileReference; lastKnownFileType = sourcecode.swift; path = myLBCTests.swift; sourceTree = "<group>"; };
		487CAAFF2621E27B008A971D /* Info.plist */ = {isa = PBXFileReference; lastKnownFileType = text.plist.xml; path = Info.plist; sourceTree = "<group>"; };
		487CAB042621E27B008A971D /* myLBCUITests.xctest */ = {isa = PBXFileReference; explicitFileType = wrapper.cfbundle; includeInIndex = 0; path = myLBCUITests.xctest; sourceTree = BUILT_PRODUCTS_DIR; };
		487CAB082621E27B008A971D /* myLBCUITests.swift */ = {isa = PBXFileReference; lastKnownFileType = sourcecode.swift; path = myLBCUITests.swift; sourceTree = "<group>"; };
		487CAB0A2621E27B008A971D /* Info.plist */ = {isa = PBXFileReference; lastKnownFileType = text.plist.xml; path = Info.plist; sourceTree = "<group>"; };
		487CAB19262AEC5D008A971D /* Login.swift */ = {isa = PBXFileReference; lastKnownFileType = sourcecode.swift; path = Login.swift; sourceTree = "<group>"; };
		487CAB22262AF373008A971D /* CustomTextField.swift */ = {isa = PBXFileReference; lastKnownFileType = sourcecode.swift; path = CustomTextField.swift; sourceTree = "<group>"; };
		487CAB27262B2C4A008A971D /* RememberMeField.swift */ = {isa = PBXFileReference; lastKnownFileType = sourcecode.swift; path = RememberMeField.swift; sourceTree = "<group>"; };
		487CAB2C262B2FA5008A971D /* ForgotPassword.swift */ = {isa = PBXFileReference; lastKnownFileType = sourcecode.swift; path = ForgotPassword.swift; sourceTree = "<group>"; };
		487CAB31262B353C008A971D /* ForgotPasswordSheet.swift */ = {isa = PBXFileReference; lastKnownFileType = sourcecode.swift; path = ForgotPasswordSheet.swift; sourceTree = "<group>"; };
		487CAB36262B36D9008A971D /* CustomButton.swift */ = {isa = PBXFileReference; lastKnownFileType = sourcecode.swift; path = CustomButton.swift; sourceTree = "<group>"; };
		487CAB3B262BB224008A971D /* RegisterForm.swift */ = {isa = PBXFileReference; lastKnownFileType = sourcecode.swift; path = RegisterForm.swift; sourceTree = "<group>"; };
		487CAB46262C43ED008A971D /* CustomTextFieldReg.swift */ = {isa = PBXFileReference; lastKnownFileType = sourcecode.swift; path = CustomTextFieldReg.swift; sourceTree = "<group>"; };
		487CAB52262D1C83008A971D /* RegisterForm2.swift */ = {isa = PBXFileReference; lastKnownFileType = sourcecode.swift; path = RegisterForm2.swift; sourceTree = "<group>"; };
		487CAB5D262D2D3C008A971D /* RegisterForm3.swift */ = {isa = PBXFileReference; lastKnownFileType = sourcecode.swift; path = RegisterForm3.swift; sourceTree = "<group>"; };
		487CAB6C262E6700008A971D /* Home.swift */ = {isa = PBXFileReference; lastKnownFileType = sourcecode.swift; path = Home.swift; sourceTree = "<group>"; };
		487CAB74262E6873008A971D /* MenuView.swift */ = {isa = PBXFileReference; lastKnownFileType = sourcecode.swift; path = MenuView.swift; sourceTree = "<group>"; };
		487CAB792633DFBE008A971D /* ComingSoonSheet.swift */ = {isa = PBXFileReference; lastKnownFileType = sourcecode.swift; path = ComingSoonSheet.swift; sourceTree = "<group>"; };
		487CAB7E2633FECD008A971D /* TransactionHistory.swift */ = {isa = PBXFileReference; lastKnownFileType = sourcecode.swift; path = TransactionHistory.swift; sourceTree = "<group>"; };
		487CAB84263402DC008A971D /* PendingView.swift */ = {isa = PBXFileReference; lastKnownFileType = sourcecode.swift; path = PendingView.swift; sourceTree = "<group>"; };
		487CAB89263402E5008A971D /* CompletedView.swift */ = {isa = PBXFileReference; lastKnownFileType = sourcecode.swift; path = CompletedView.swift; sourceTree = "<group>"; };
		487CAB8E26340B79008A971D /* TransactionDetailSheet.swift */ = {isa = PBXFileReference; lastKnownFileType = sourcecode.swift; path = TransactionDetailSheet.swift; sourceTree = "<group>"; };
		487CAB932634132B008A971D /* CashOut.swift */ = {isa = PBXFileReference; lastKnownFileType = sourcecode.swift; path = CashOut.swift; sourceTree = "<group>"; };
		487CAB9826341F75008A971D /* BranchCollect.swift */ = {isa = PBXFileReference; lastKnownFileType = sourcecode.swift; path = BranchCollect.swift; sourceTree = "<group>"; };
		487CAB9D263449DF008A971D /* Transfer.swift */ = {isa = PBXFileReference; lastKnownFileType = sourcecode.swift; path = Transfer.swift; sourceTree = "<group>"; };
		487CABA2263450AF008A971D /* BankAccount.swift */ = {isa = PBXFileReference; lastKnownFileType = sourcecode.swift; path = BankAccount.swift; sourceTree = "<group>"; };
		487CABA7263454B1008A971D /* SavedAccounts.swift */ = {isa = PBXFileReference; lastKnownFileType = sourcecode.swift; path = SavedAccounts.swift; sourceTree = "<group>"; };
		487CABAC263479ED008A971D /* CustomTextFieldTransfer.swift */ = {isa = PBXFileReference; lastKnownFileType = sourcecode.swift; path = CustomTextFieldTransfer.swift; sourceTree = "<group>"; };
		488F5236263485F00031DEEE /* BankAccount2.swift */ = {isa = PBXFileReference; lastKnownFileType = sourcecode.swift; path = BankAccount2.swift; sourceTree = "<group>"; };
		488F523B263595A30031DEEE /* TrackTrace.swift */ = {isa = PBXFileReference; lastKnownFileType = sourcecode.swift; path = TrackTrace.swift; sourceTree = "<group>"; };
		488F524026359C890031DEEE /* Profile.swift */ = {isa = PBXFileReference; lastKnownFileType = sourcecode.swift; path = Profile.swift; sourceTree = "<group>"; };
		488F524D2635A5CA0031DEEE /* EnterPin.swift */ = {isa = PBXFileReference; lastKnownFileType = sourcecode.swift; path = EnterPin.swift; sourceTree = "<group>"; };
		488F52522635A79E0031DEEE /* Security.swift */ = {isa = PBXFileReference; lastKnownFileType = sourcecode.swift; path = Security.swift; sourceTree = "<group>"; };
		488F525A2635B56D0031DEEE /* ChangePassword.swift */ = {isa = PBXFileReference; lastKnownFileType = sourcecode.swift; path = ChangePassword.swift; sourceTree = "<group>"; };
		488F5263265A645E0031DEEE /* CoreDataManager.swift */ = {isa = PBXFileReference; lastKnownFileType = sourcecode.swift; path = CoreDataManager.swift; sourceTree = "<group>"; };
/* End PBXFileReference section */

/* Begin PBXFrameworksBuildPhase section */
		487CAAE02621E279008A971D /* Frameworks */ = {
			isa = PBXFrameworksBuildPhase;
			buildActionMask = 2147483647;
			files = (
			);
			runOnlyForDeploymentPostprocessing = 0;
		};
		487CAAF62621E27B008A971D /* Frameworks */ = {
			isa = PBXFrameworksBuildPhase;
			buildActionMask = 2147483647;
			files = (
			);
			runOnlyForDeploymentPostprocessing = 0;
		};
		487CAB012621E27B008A971D /* Frameworks */ = {
			isa = PBXFrameworksBuildPhase;
			buildActionMask = 2147483647;
			files = (
			);
			runOnlyForDeploymentPostprocessing = 0;
		};
/* End PBXFrameworksBuildPhase section */

/* Begin PBXGroup section */
		482609D7265D14EB00DE452E /* Tables */ = {
			isa = PBXGroup;
			children = (
				482609D8265D150100DE452E /* UserTable.swift */,
				482609EF265D610000DE452E /* ProvincesTable.swift */,
			);
			path = Tables;
			sourceTree = "<group>";
		};
		482609E3265D15DF00DE452E /* DatabaseHelper */ = {
			isa = PBXGroup;
			children = (
				482609E4265D15F900DE452E /* DBHelper.swift */,
			);
			path = DatabaseHelper;
			sourceTree = "<group>";
		};
		483EF0E9267E446F009E6E4E /* ViewModel */ = {
			isa = PBXGroup;
			children = (
				483EF0EA267E4487009E6E4E /* balanceAPI.swift */,
				483EF0F7267F4DCB009E6E4E /* TransactionAPI.swift */,
				4851D6092680D2D000BC9515 /* TrackingAPI.swift */,
				4851D60D26820B4800BC9515 /* ServiceFeeAPI.swift */,
				4851D6112682288A00BC9515 /* CashoutAPI.swift */,
				4851D62A2686F13C00BC9515 /* DictionaryAPI.swift */,
				4865807E2687805900847566 /* SignupAPI.swift */,
				486580842688D33400847566 /* ChangePassAPI.swift */,
				486580882688D8CC00847566 /* RTAAccountsAPI.swift */,
				4865808A2688ECD400847566 /* RTATransferAPI.swift */,
			);
			path = ViewModel;
			sourceTree = "<group>";
		};
		483EF0EC267E44FA009E6E4E /* Model */ = {
			isa = PBXGroup;
			children = (
				483EF0F3267E6021009E6E4E /* Balance.swift */,
				483EF0F5267F4C65009E6E4E /* Transaction.swift */,
				4851D6072680D0E900BC9515 /* Tracking.swift */,
				4851D60B26820ACB00BC9515 /* ServiceFee.swift */,
				4851D60F2682283300BC9515 /* Cashout.swift */,
				4851D6132686ED1E00BC9515 /* Province.swift */,
				4851D6152686ED7400BC9515 /* City.swift */,
				4851D6172686EDAF00BC9515 /* CivilStatus.swift */,
				4851D6192686EDE800BC9515 /* Gender.swift */,
				4851D61B2686EE0E00BC9515 /* Nationality.swift */,
				4851D61D2686EE7B00BC9515 /* IdType.swift */,
				4851D61F2686EEAA00BC9515 /* Suffix.swift */,
				4851D6212686EEDE00BC9515 /* rtaBank.swift */,
				4851D6232686EFA200BC9515 /* rtaAcctType.swift */,
				4851D6252686EFEC00BC9515 /* rtaCutoffMsgs.swift */,
				4851D6272686F03800BC9515 /* Dictionary.swift */,
				486580802687F42600847566 /* Signup.swift */,
				486580822688D29100847566 /* ChangePass.swift */,
				486580862688D7CC00847566 /* RTAAccounts.swift */,
			);
			path = Model;
			sourceTree = "<group>";
		};
		487CAADA2621E279008A971D = {
			isa = PBXGroup;
			children = (
				487CAAE52621E279008A971D /* myLBC */,
				487CAAFC2621E27B008A971D /* myLBCTests */,
				487CAB072621E27B008A971D /* myLBCUITests */,
				487CAAE42621E279008A971D /* Products */,
			);
			sourceTree = "<group>";
		};
		487CAAE42621E279008A971D /* Products */ = {
			isa = PBXGroup;
			children = (
				487CAAE32621E279008A971D /* myLBC.app */,
				487CAAF92621E27B008A971D /* myLBCTests.xctest */,
				487CAB042621E27B008A971D /* myLBCUITests.xctest */,
			);
			name = Products;
			sourceTree = "<group>";
		};
		487CAAE52621E279008A971D /* myLBC */ = {
			isa = PBXGroup;
			children = (
				483EF0EC267E44FA009E6E4E /* Model */,
				483EF0E9267E446F009E6E4E /* ViewModel */,
				482609E3265D15DF00DE452E /* DatabaseHelper */,
				482609D7265D14EB00DE452E /* Tables */,
				488F5262265A64470031DEEE /* Managers */,
				487CAB1E262AEC66008A971D /* View */,
				487CAAE62621E279008A971D /* myLBCApp.swift */,
				487CAAE82621E279008A971D /* ContentView.swift */,
				487CAAEA2621E27A008A971D /* Assets.xcassets */,
				487CAAEF2621E27A008A971D /* Persistence.swift */,
				487CAAF42621E27A008A971D /* Info.plist */,
				487CAAF12621E27A008A971D /* myLBC.xcdatamodeld */,
				487CAAEC2621E27A008A971D /* Preview Content */,
			);
			path = myLBC;
			sourceTree = "<group>";
		};
		487CAAEC2621E27A008A971D /* Preview Content */ = {
			isa = PBXGroup;
			children = (
				487CAAED2621E27A008A971D /* Preview Assets.xcassets */,
			);
			path = "Preview Content";
			sourceTree = "<group>";
		};
		487CAAFC2621E27B008A971D /* myLBCTests */ = {
			isa = PBXGroup;
			children = (
				487CAAFD2621E27B008A971D /* myLBCTests.swift */,
				487CAAFF2621E27B008A971D /* Info.plist */,
			);
			path = myLBCTests;
			sourceTree = "<group>";
		};
		487CAB072621E27B008A971D /* myLBCUITests */ = {
			isa = PBXGroup;
			children = (
				487CAB082621E27B008A971D /* myLBCUITests.swift */,
				487CAB0A2621E27B008A971D /* Info.plist */,
			);
			path = myLBCUITests;
			sourceTree = "<group>";
		};
		487CAB1E262AEC66008A971D /* View */ = {
			isa = PBXGroup;
			children = (
				488F5235263485D70031DEEE /* BankAccount */,
				487CAB83263402CB008A971D /* Transactions */,
				487CAB6B262E66CA008A971D /* Main */,
				487CAB51262D1C6A008A971D /* RegisterForms */,
				487CAB19262AEC5D008A971D /* Login.swift */,
				487CAB22262AF373008A971D /* CustomTextField.swift */,
				487CAB27262B2C4A008A971D /* RememberMeField.swift */,
				487CAB2C262B2FA5008A971D /* ForgotPassword.swift */,
				487CAB31262B353C008A971D /* ForgotPasswordSheet.swift */,
				487CAB36262B36D9008A971D /* CustomButton.swift */,
				487CAB46262C43ED008A971D /* CustomTextFieldReg.swift */,
				487CAB792633DFBE008A971D /* ComingSoonSheet.swift */,
				487CAB932634132B008A971D /* CashOut.swift */,
				487CAB9826341F75008A971D /* BranchCollect.swift */,
				487CAB9D263449DF008A971D /* Transfer.swift */,
				487CABA7263454B1008A971D /* SavedAccounts.swift */,
				487CABAC263479ED008A971D /* CustomTextFieldTransfer.swift */,
				488F523B263595A30031DEEE /* TrackTrace.swift */,
				488F524026359C890031DEEE /* Profile.swift */,
				488F524D2635A5CA0031DEEE /* EnterPin.swift */,
				488F52522635A79E0031DEEE /* Security.swift */,
				488F525A2635B56D0031DEEE /* ChangePassword.swift */,
			);
			path = View;
			sourceTree = "<group>";
		};
		487CAB51262D1C6A008A971D /* RegisterForms */ = {
			isa = PBXGroup;
			children = (
				487CAB3B262BB224008A971D /* RegisterForm.swift */,
				487CAB52262D1C83008A971D /* RegisterForm2.swift */,
				487CAB5D262D2D3C008A971D /* RegisterForm3.swift */,
			);
			path = RegisterForms;
			sourceTree = "<group>";
		};
		487CAB6B262E66CA008A971D /* Main */ = {
			isa = PBXGroup;
			children = (
				487CAB6C262E6700008A971D /* Home.swift */,
				487CAB74262E6873008A971D /* MenuView.swift */,
			);
			path = Main;
			sourceTree = "<group>";
		};
		487CAB83263402CB008A971D /* Transactions */ = {
			isa = PBXGroup;
			children = (
				487CAB7E2633FECD008A971D /* TransactionHistory.swift */,
				487CAB84263402DC008A971D /* PendingView.swift */,
				487CAB89263402E5008A971D /* CompletedView.swift */,
				487CAB8E26340B79008A971D /* TransactionDetailSheet.swift */,
			);
			path = Transactions;
			sourceTree = "<group>";
		};
		488F5235263485D70031DEEE /* BankAccount */ = {
			isa = PBXGroup;
			children = (
				487CABA2263450AF008A971D /* BankAccount.swift */,
				488F5236263485F00031DEEE /* BankAccount2.swift */,
			);
			path = BankAccount;
			sourceTree = "<group>";
		};
		488F5262265A64470031DEEE /* Managers */ = {
			isa = PBXGroup;
			children = (
				488F5263265A645E0031DEEE /* CoreDataManager.swift */,
			);
			path = Managers;
			sourceTree = "<group>";
		};
/* End PBXGroup section */

/* Begin PBXNativeTarget section */
		487CAAE22621E279008A971D /* myLBC */ = {
			isa = PBXNativeTarget;
			buildConfigurationList = 487CAB0D2621E27B008A971D /* Build configuration list for PBXNativeTarget "myLBC" */;
			buildPhases = (
				487CAADF2621E279008A971D /* Sources */,
				487CAAE02621E279008A971D /* Frameworks */,
				487CAAE12621E279008A971D /* Resources */,
			);
			buildRules = (
			);
			dependencies = (
			);
			name = myLBC;
			productName = myLBC;
			productReference = 487CAAE32621E279008A971D /* myLBC.app */;
			productType = "com.apple.product-type.application";
		};
		487CAAF82621E27B008A971D /* myLBCTests */ = {
			isa = PBXNativeTarget;
			buildConfigurationList = 487CAB102621E27B008A971D /* Build configuration list for PBXNativeTarget "myLBCTests" */;
			buildPhases = (
				487CAAF52621E27B008A971D /* Sources */,
				487CAAF62621E27B008A971D /* Frameworks */,
				487CAAF72621E27B008A971D /* Resources */,
			);
			buildRules = (
			);
			dependencies = (
				487CAAFB2621E27B008A971D /* PBXTargetDependency */,
			);
			name = myLBCTests;
			productName = myLBCTests;
			productReference = 487CAAF92621E27B008A971D /* myLBCTests.xctest */;
			productType = "com.apple.product-type.bundle.unit-test";
		};
		487CAB032621E27B008A971D /* myLBCUITests */ = {
			isa = PBXNativeTarget;
			buildConfigurationList = 487CAB132621E27B008A971D /* Build configuration list for PBXNativeTarget "myLBCUITests" */;
			buildPhases = (
				487CAB002621E27B008A971D /* Sources */,
				487CAB012621E27B008A971D /* Frameworks */,
				487CAB022621E27B008A971D /* Resources */,
			);
			buildRules = (
			);
			dependencies = (
				487CAB062621E27B008A971D /* PBXTargetDependency */,
			);
			name = myLBCUITests;
			productName = myLBCUITests;
			productReference = 487CAB042621E27B008A971D /* myLBCUITests.xctest */;
			productType = "com.apple.product-type.bundle.ui-testing";
		};
/* End PBXNativeTarget section */

/* Begin PBXProject section */
		487CAADB2621E279008A971D /* Project object */ = {
			isa = PBXProject;
			attributes = {
				LastSwiftUpdateCheck = 1240;
				LastUpgradeCheck = 1240;
				TargetAttributes = {
					487CAAE22621E279008A971D = {
						CreatedOnToolsVersion = 12.4;
					};
					487CAAF82621E27B008A971D = {
						CreatedOnToolsVersion = 12.4;
						TestTargetID = 487CAAE22621E279008A971D;
					};
					487CAB032621E27B008A971D = {
						CreatedOnToolsVersion = 12.4;
						TestTargetID = 487CAAE22621E279008A971D;
					};
				};
			};
			buildConfigurationList = 487CAADE2621E279008A971D /* Build configuration list for PBXProject "myLBC" */;
			compatibilityVersion = "Xcode 9.3";
			developmentRegion = en;
			hasScannedForEncodings = 0;
			knownRegions = (
				en,
				Base,
			);
			mainGroup = 487CAADA2621E279008A971D;
			productRefGroup = 487CAAE42621E279008A971D /* Products */;
			projectDirPath = "";
			projectRoot = "";
			targets = (
				487CAAE22621E279008A971D /* myLBC */,
				487CAAF82621E27B008A971D /* myLBCTests */,
				487CAB032621E27B008A971D /* myLBCUITests */,
			);
		};
/* End PBXProject section */

/* Begin PBXResourcesBuildPhase section */
		487CAAE12621E279008A971D /* Resources */ = {
			isa = PBXResourcesBuildPhase;
			buildActionMask = 2147483647;
			files = (
				487CAAEE2621E27A008A971D /* Preview Assets.xcassets in Resources */,
				487CAAEB2621E27A008A971D /* Assets.xcassets in Resources */,
			);
			runOnlyForDeploymentPostprocessing = 0;
		};
		487CAAF72621E27B008A971D /* Resources */ = {
			isa = PBXResourcesBuildPhase;
			buildActionMask = 2147483647;
			files = (
			);
			runOnlyForDeploymentPostprocessing = 0;
		};
		487CAB022621E27B008A971D /* Resources */ = {
			isa = PBXResourcesBuildPhase;
			buildActionMask = 2147483647;
			files = (
			);
			runOnlyForDeploymentPostprocessing = 0;
		};
/* End PBXResourcesBuildPhase section */

/* Begin PBXSourcesBuildPhase section */
		487CAADF2621E279008A971D /* Sources */ = {
			isa = PBXSourcesBuildPhase;
			buildActionMask = 2147483647;
			files = (
				4851D6242686EFA200BC9515 /* rtaAcctType.swift in Sources */,
				4851D6082680D0E900BC9515 /* Tracking.swift in Sources */,
				487CAB8F26340B79008A971D /* TransactionDetailSheet.swift in Sources */,
				483EF0EB267E4487009E6E4E /* balanceAPI.swift in Sources */,
				488F524126359C890031DEEE /* Profile.swift in Sources */,
				487CAAF02621E27A008A971D /* Persistence.swift in Sources */,
				4851D6182686EDAF00BC9515 /* CivilStatus.swift in Sources */,
				487CAB85263402DC008A971D /* PendingView.swift in Sources */,
				486580832688D29100847566 /* ChangePass.swift in Sources */,
				488F5264265A645E0031DEEE /* CoreDataManager.swift in Sources */,
				487CAB942634132B008A971D /* CashOut.swift in Sources */,
				4851D60E26820B4800BC9515 /* ServiceFeeAPI.swift in Sources */,
				487CAB1A262AEC5D008A971D /* Login.swift in Sources */,
				4865808B2688ECD500847566 /* RTATransferAPI.swift in Sources */,
				487CABA8263454B1008A971D /* SavedAccounts.swift in Sources */,
				487CAB47262C43ED008A971D /* CustomTextFieldReg.swift in Sources */,
				483EF0F8267F4DCB009E6E4E /* TransactionAPI.swift in Sources */,
				4851D6222686EEDE00BC9515 /* rtaBank.swift in Sources */,
				4851D60C26820ACB00BC9515 /* ServiceFee.swift in Sources */,
				4851D6122682288A00BC9515 /* CashoutAPI.swift in Sources */,
				486580872688D7CC00847566 /* RTAAccounts.swift in Sources */,
				4865807F2687805900847566 /* SignupAPI.swift in Sources */,
				4851D6142686ED1E00BC9515 /* Province.swift in Sources */,
				487CAB23262AF373008A971D /* CustomTextField.swift in Sources */,
				488F5237263485F00031DEEE /* BankAccount2.swift in Sources */,
				4851D6262686EFEC00BC9515 /* rtaCutoffMsgs.swift in Sources */,
				487CAB9926341F76008A971D /* BranchCollect.swift in Sources */,
				487CAB2D262B2FA5008A971D /* ForgotPassword.swift in Sources */,
				482609D9265D150100DE452E /* UserTable.swift in Sources */,
				488F524E2635A5CA0031DEEE /* EnterPin.swift in Sources */,
				486580892688D8CD00847566 /* RTAAccountsAPI.swift in Sources */,
				483EF0F4267E6021009E6E4E /* Balance.swift in Sources */,
				487CAB7F2633FECD008A971D /* TransactionHistory.swift in Sources */,
				487CAB37262B36D9008A971D /* CustomButton.swift in Sources */,
				4851D6202686EEAA00BC9515 /* Suffix.swift in Sources */,
				487CAAF32621E27A008A971D /* myLBC.xcdatamodeld in Sources */,
				487CABA3263450AF008A971D /* BankAccount.swift in Sources */,
				4851D61C2686EE0E00BC9515 /* Nationality.swift in Sources */,
				487CAB6D262E6700008A971D /* Home.swift in Sources */,
				487CAB8A263402E5008A971D /* CompletedView.swift in Sources */,
				4851D62B2686F13D00BC9515 /* DictionaryAPI.swift in Sources */,
				486580852688D33400847566 /* ChangePassAPI.swift in Sources */,
				488F525B2635B56D0031DEEE /* ChangePassword.swift in Sources */,
				4851D60A2680D2D000BC9515 /* TrackingAPI.swift in Sources */,
				487CABAD263479ED008A971D /* CustomTextFieldTransfer.swift in Sources */,
				4851D61A2686EDE800BC9515 /* Gender.swift in Sources */,
				488F523C263595A30031DEEE /* TrackTrace.swift in Sources */,
				486580812687F42600847566 /* Signup.swift in Sources */,
				487CAB3C262BB224008A971D /* RegisterForm.swift in Sources */,
				4851D61E2686EE7B00BC9515 /* IdType.swift in Sources */,
				487CAB75262E6873008A971D /* MenuView.swift in Sources */,
				487CAB5E262D2D3C008A971D /* RegisterForm3.swift in Sources */,
				487CAB32262B353C008A971D /* ForgotPasswordSheet.swift in Sources */,
				487CAB53262D1C83008A971D /* RegisterForm2.swift in Sources */,
				488F52532635A79E0031DEEE /* Security.swift in Sources */,
				487CAB28262B2C4A008A971D /* RememberMeField.swift in Sources */,
				487CAAE92621E279008A971D /* ContentView.swift in Sources */,
				4851D6282686F03800BC9515 /* Dictionary.swift in Sources */,
				483EF0F6267F4C65009E6E4E /* Transaction.swift in Sources */,
				487CAAE72621E279008A971D /* myLBCApp.swift in Sources */,
				487CAB9E263449DF008A971D /* Transfer.swift in Sources */,
				482609F0265D610000DE452E /* ProvincesTable.swift in Sources */,
				4851D6102682283300BC9515 /* Cashout.swift in Sources */,
				482609E5265D15F900DE452E /* DBHelper.swift in Sources */,
				487CAB7A2633DFBE008A971D /* ComingSoonSheet.swift in Sources */,
				4851D6162686ED7400BC9515 /* City.swift in Sources */,
			);
			runOnlyForDeploymentPostprocessing = 0;
		};
		487CAAF52621E27B008A971D /* Sources */ = {
			isa = PBXSourcesBuildPhase;
			buildActionMask = 2147483647;
			files = (
				487CAAFE2621E27B008A971D /* myLBCTests.swift in Sources */,
			);
			runOnlyForDeploymentPostprocessing = 0;
		};
		487CAB002621E27B008A971D /* Sources */ = {
			isa = PBXSourcesBuildPhase;
			buildActionMask = 2147483647;
			files = (
				487CAB092621E27B008A971D /* myLBCUITests.swift in Sources */,
			);
			runOnlyForDeploymentPostprocessing = 0;
		};
/* End PBXSourcesBuildPhase section */

/* Begin PBXTargetDependency section */
		487CAAFB2621E27B008A971D /* PBXTargetDependency */ = {
			isa = PBXTargetDependency;
			target = 487CAAE22621E279008A971D /* myLBC */;
			targetProxy = 487CAAFA2621E27B008A971D /* PBXContainerItemProxy */;
		};
		487CAB062621E27B008A971D /* PBXTargetDependency */ = {
			isa = PBXTargetDependency;
			target = 487CAAE22621E279008A971D /* myLBC */;
			targetProxy = 487CAB052621E27B008A971D /* PBXContainerItemProxy */;
		};
/* End PBXTargetDependency section */

/* Begin XCBuildConfiguration section */
		487CAB0B2621E27B008A971D /* Debug */ = {
			isa = XCBuildConfiguration;
			buildSettings = {
				ALWAYS_SEARCH_USER_PATHS = NO;
				CLANG_ANALYZER_NONNULL = YES;
				CLANG_ANALYZER_NUMBER_OBJECT_CONVERSION = YES_AGGRESSIVE;
				CLANG_CXX_LANGUAGE_STANDARD = "gnu++14";
				CLANG_CXX_LIBRARY = "libc++";
				CLANG_ENABLE_MODULES = YES;
				CLANG_ENABLE_OBJC_ARC = YES;
				CLANG_ENABLE_OBJC_WEAK = YES;
				CLANG_WARN_BLOCK_CAPTURE_AUTORELEASING = YES;
				CLANG_WARN_BOOL_CONVERSION = YES;
				CLANG_WARN_COMMA = YES;
				CLANG_WARN_CONSTANT_CONVERSION = YES;
				CLANG_WARN_DEPRECATED_OBJC_IMPLEMENTATIONS = YES;
				CLANG_WARN_DIRECT_OBJC_ISA_USAGE = YES_ERROR;
				CLANG_WARN_DOCUMENTATION_COMMENTS = YES;
				CLANG_WARN_EMPTY_BODY = YES;
				CLANG_WARN_ENUM_CONVERSION = YES;
				CLANG_WARN_INFINITE_RECURSION = YES;
				CLANG_WARN_INT_CONVERSION = YES;
				CLANG_WARN_NON_LITERAL_NULL_CONVERSION = YES;
				CLANG_WARN_OBJC_IMPLICIT_RETAIN_SELF = YES;
				CLANG_WARN_OBJC_LITERAL_CONVERSION = YES;
				CLANG_WARN_OBJC_ROOT_CLASS = YES_ERROR;
				CLANG_WARN_QUOTED_INCLUDE_IN_FRAMEWORK_HEADER = YES;
				CLANG_WARN_RANGE_LOOP_ANALYSIS = YES;
				CLANG_WARN_STRICT_PROTOTYPES = YES;
				CLANG_WARN_SUSPICIOUS_MOVE = YES;
				CLANG_WARN_UNGUARDED_AVAILABILITY = YES_AGGRESSIVE;
				CLANG_WARN_UNREACHABLE_CODE = YES;
				CLANG_WARN__DUPLICATE_METHOD_MATCH = YES;
				COPY_PHASE_STRIP = NO;
				DEBUG_INFORMATION_FORMAT = dwarf;
				DEVELOPMENT_TEAM = 35K3246AK4;
				ENABLE_STRICT_OBJC_MSGSEND = YES;
				ENABLE_TESTABILITY = YES;
				GCC_C_LANGUAGE_STANDARD = gnu11;
				GCC_DYNAMIC_NO_PIC = NO;
				GCC_NO_COMMON_BLOCKS = YES;
				GCC_OPTIMIZATION_LEVEL = 0;
				GCC_PREPROCESSOR_DEFINITIONS = (
					"DEBUG=1",
					"$(inherited)",
				);
				GCC_WARN_64_TO_32_BIT_CONVERSION = YES;
				GCC_WARN_ABOUT_RETURN_TYPE = YES_ERROR;
				GCC_WARN_UNDECLARED_SELECTOR = YES;
				GCC_WARN_UNINITIALIZED_AUTOS = YES_AGGRESSIVE;
				GCC_WARN_UNUSED_FUNCTION = YES;
				GCC_WARN_UNUSED_VARIABLE = YES;
				IPHONEOS_DEPLOYMENT_TARGET = 14.4;
				MTL_ENABLE_DEBUG_INFO = INCLUDE_SOURCE;
				MTL_FAST_MATH = YES;
				ONLY_ACTIVE_ARCH = YES;
				SDKROOT = iphoneos;
				SWIFT_ACTIVE_COMPILATION_CONDITIONS = DEBUG;
				SWIFT_OPTIMIZATION_LEVEL = "-Onone";
			};
			name = Debug;
		};
		487CAB0C2621E27B008A971D /* Release */ = {
			isa = XCBuildConfiguration;
			buildSettings = {
				ALWAYS_SEARCH_USER_PATHS = NO;
				CLANG_ANALYZER_NONNULL = YES;
				CLANG_ANALYZER_NUMBER_OBJECT_CONVERSION = YES_AGGRESSIVE;
				CLANG_CXX_LANGUAGE_STANDARD = "gnu++14";
				CLANG_CXX_LIBRARY = "libc++";
				CLANG_ENABLE_MODULES = YES;
				CLANG_ENABLE_OBJC_ARC = YES;
				CLANG_ENABLE_OBJC_WEAK = YES;
				CLANG_WARN_BLOCK_CAPTURE_AUTORELEASING = YES;
				CLANG_WARN_BOOL_CONVERSION = YES;
				CLANG_WARN_COMMA = YES;
				CLANG_WARN_CONSTANT_CONVERSION = YES;
				CLANG_WARN_DEPRECATED_OBJC_IMPLEMENTATIONS = YES;
				CLANG_WARN_DIRECT_OBJC_ISA_USAGE = YES_ERROR;
				CLANG_WARN_DOCUMENTATION_COMMENTS = YES;
				CLANG_WARN_EMPTY_BODY = YES;
				CLANG_WARN_ENUM_CONVERSION = YES;
				CLANG_WARN_INFINITE_RECURSION = YES;
				CLANG_WARN_INT_CONVERSION = YES;
				CLANG_WARN_NON_LITERAL_NULL_CONVERSION = YES;
				CLANG_WARN_OBJC_IMPLICIT_RETAIN_SELF = YES;
				CLANG_WARN_OBJC_LITERAL_CONVERSION = YES;
				CLANG_WARN_OBJC_ROOT_CLASS = YES_ERROR;
				CLANG_WARN_QUOTED_INCLUDE_IN_FRAMEWORK_HEADER = YES;
				CLANG_WARN_RANGE_LOOP_ANALYSIS = YES;
				CLANG_WARN_STRICT_PROTOTYPES = YES;
				CLANG_WARN_SUSPICIOUS_MOVE = YES;
				CLANG_WARN_UNGUARDED_AVAILABILITY = YES_AGGRESSIVE;
				CLANG_WARN_UNREACHABLE_CODE = YES;
				CLANG_WARN__DUPLICATE_METHOD_MATCH = YES;
				COPY_PHASE_STRIP = NO;
				DEBUG_INFORMATION_FORMAT = "dwarf-with-dsym";
				DEVELOPMENT_TEAM = 35K3246AK4;
				ENABLE_NS_ASSERTIONS = NO;
				ENABLE_STRICT_OBJC_MSGSEND = YES;
				GCC_C_LANGUAGE_STANDARD = gnu11;
				GCC_NO_COMMON_BLOCKS = YES;
				GCC_WARN_64_TO_32_BIT_CONVERSION = YES;
				GCC_WARN_ABOUT_RETURN_TYPE = YES_ERROR;
				GCC_WARN_UNDECLARED_SELECTOR = YES;
				GCC_WARN_UNINITIALIZED_AUTOS = YES_AGGRESSIVE;
				GCC_WARN_UNUSED_FUNCTION = YES;
				GCC_WARN_UNUSED_VARIABLE = YES;
				IPHONEOS_DEPLOYMENT_TARGET = 14.4;
				MTL_ENABLE_DEBUG_INFO = NO;
				MTL_FAST_MATH = YES;
				SDKROOT = iphoneos;
				SWIFT_COMPILATION_MODE = wholemodule;
				SWIFT_OPTIMIZATION_LEVEL = "-O";
				VALIDATE_PRODUCT = YES;
			};
			name = Release;
		};
		487CAB0E2621E27B008A971D /* Debug */ = {
			isa = XCBuildConfiguration;
			buildSettings = {
				ASSETCATALOG_COMPILER_APPICON_NAME = AppIcon;
				ASSETCATALOG_COMPILER_GLOBAL_ACCENT_COLOR_NAME = AccentColor;
				CODE_SIGN_STYLE = Automatic;
				DEVELOPMENT_ASSET_PATHS = "\"myLBC/Preview Content\"";
				DEVELOPMENT_TEAM = 35K3246AK4;
				ENABLE_PREVIEWS = YES;
				INFOPLIST_FILE = myLBC/Info.plist;
				IPHONEOS_DEPLOYMENT_TARGET = 14.1;
				LD_RUNPATH_SEARCH_PATHS = (
					"$(inherited)",
					"@executable_path/Frameworks",
				);
				PRODUCT_BUNDLE_IDENTIFIER = com.example.myLBC;
				PRODUCT_NAME = "$(TARGET_NAME)";
				SWIFT_VERSION = 5.0;
				TARGETED_DEVICE_FAMILY = 1;
			};
			name = Debug;
		};
		487CAB0F2621E27B008A971D /* Release */ = {
			isa = XCBuildConfiguration;
			buildSettings = {
				ASSETCATALOG_COMPILER_APPICON_NAME = AppIcon;
				ASSETCATALOG_COMPILER_GLOBAL_ACCENT_COLOR_NAME = AccentColor;
				CODE_SIGN_STYLE = Automatic;
				DEVELOPMENT_ASSET_PATHS = "\"myLBC/Preview Content\"";
				DEVELOPMENT_TEAM = 35K3246AK4;
				ENABLE_PREVIEWS = YES;
				INFOPLIST_FILE = myLBC/Info.plist;
				IPHONEOS_DEPLOYMENT_TARGET = 14.1;
				LD_RUNPATH_SEARCH_PATHS = (
					"$(inherited)",
					"@executable_path/Frameworks",
				);
				PRODUCT_BUNDLE_IDENTIFIER = com.example.myLBC;
				PRODUCT_NAME = "$(TARGET_NAME)";
				SWIFT_VERSION = 5.0;
				TARGETED_DEVICE_FAMILY = 1;
			};
			name = Release;
		};
		487CAB112621E27B008A971D /* Debug */ = {
			isa = XCBuildConfiguration;
			buildSettings = {
				ALWAYS_EMBED_SWIFT_STANDARD_LIBRARIES = YES;
				BUNDLE_LOADER = "$(TEST_HOST)";
				CODE_SIGN_STYLE = Automatic;
				DEVELOPMENT_TEAM = 35K3246AK4;
				INFOPLIST_FILE = myLBCTests/Info.plist;
				IPHONEOS_DEPLOYMENT_TARGET = 14.0;
				LD_RUNPATH_SEARCH_PATHS = (
					"$(inherited)",
					"@executable_path/Frameworks",
					"@loader_path/Frameworks",
				);
				PRODUCT_BUNDLE_IDENTIFIER = com.example.myLBCTests;
				PRODUCT_NAME = "$(TARGET_NAME)";
				SWIFT_VERSION = 5.0;
				TARGETED_DEVICE_FAMILY = "1,2";
				TEST_HOST = "$(BUILT_PRODUCTS_DIR)/myLBC.app/myLBC";
			};
			name = Debug;
		};
		487CAB122621E27B008A971D /* Release */ = {
			isa = XCBuildConfiguration;
			buildSettings = {
				ALWAYS_EMBED_SWIFT_STANDARD_LIBRARIES = YES;
				BUNDLE_LOADER = "$(TEST_HOST)";
				CODE_SIGN_STYLE = Automatic;
				DEVELOPMENT_TEAM = 35K3246AK4;
				INFOPLIST_FILE = myLBCTests/Info.plist;
				IPHONEOS_DEPLOYMENT_TARGET = 14.0;
				LD_RUNPATH_SEARCH_PATHS = (
					"$(inherited)",
					"@executable_path/Frameworks",
					"@loader_path/Frameworks",
				);
				PRODUCT_BUNDLE_IDENTIFIER = com.example.myLBCTests;
				PRODUCT_NAME = "$(TARGET_NAME)";
				SWIFT_VERSION = 5.0;
				TARGETED_DEVICE_FAMILY = "1,2";
				TEST_HOST = "$(BUILT_PRODUCTS_DIR)/myLBC.app/myLBC";
			};
			name = Release;
		};
		487CAB142621E27B008A971D /* Debug */ = {
			isa = XCBuildConfiguration;
			buildSettings = {
				ALWAYS_EMBED_SWIFT_STANDARD_LIBRARIES = YES;
				CODE_SIGN_STYLE = Automatic;
				DEVELOPMENT_TEAM = 35K3246AK4;
				INFOPLIST_FILE = myLBCUITests/Info.plist;
				LD_RUNPATH_SEARCH_PATHS = (
					"$(inherited)",
					"@executable_path/Frameworks",
					"@loader_path/Frameworks",
				);
				PRODUCT_BUNDLE_IDENTIFIER = com.example.myLBCUITests;
				PRODUCT_NAME = "$(TARGET_NAME)";
				SWIFT_VERSION = 5.0;
				TARGETED_DEVICE_FAMILY = "1,2";
				TEST_TARGET_NAME = myLBC;
			};
			name = Debug;
		};
		487CAB152621E27B008A971D /* Release */ = {
			isa = XCBuildConfiguration;
			buildSettings = {
				ALWAYS_EMBED_SWIFT_STANDARD_LIBRARIES = YES;
				CODE_SIGN_STYLE = Automatic;
				DEVELOPMENT_TEAM = 35K3246AK4;
				INFOPLIST_FILE = myLBCUITests/Info.plist;
				LD_RUNPATH_SEARCH_PATHS = (
					"$(inherited)",
					"@executable_path/Frameworks",
					"@loader_path/Frameworks",
				);
				PRODUCT_BUNDLE_IDENTIFIER = com.example.myLBCUITests;
				PRODUCT_NAME = "$(TARGET_NAME)";
				SWIFT_VERSION = 5.0;
				TARGETED_DEVICE_FAMILY = "1,2";
				TEST_TARGET_NAME = myLBC;
			};
			name = Release;
		};
/* End XCBuildConfiguration section */

/* Begin XCConfigurationList section */
		487CAADE2621E279008A971D /* Build configuration list for PBXProject "myLBC" */ = {
			isa = XCConfigurationList;
			buildConfigurations = (
				487CAB0B2621E27B008A971D /* Debug */,
				487CAB0C2621E27B008A971D /* Release */,
			);
			defaultConfigurationIsVisible = 0;
			defaultConfigurationName = Release;
		};
		487CAB0D2621E27B008A971D /* Build configuration list for PBXNativeTarget "myLBC" */ = {
			isa = XCConfigurationList;
			buildConfigurations = (
				487CAB0E2621E27B008A971D /* Debug */,
				487CAB0F2621E27B008A971D /* Release */,
			);
			defaultConfigurationIsVisible = 0;
			defaultConfigurationName = Release;
		};
		487CAB102621E27B008A971D /* Build configuration list for PBXNativeTarget "myLBCTests" */ = {
			isa = XCConfigurationList;
			buildConfigurations = (
				487CAB112621E27B008A971D /* Debug */,
				487CAB122621E27B008A971D /* Release */,
			);
			defaultConfigurationIsVisible = 0;
			defaultConfigurationName = Release;
		};
		487CAB132621E27B008A971D /* Build configuration list for PBXNativeTarget "myLBCUITests" */ = {
			isa = XCConfigurationList;
			buildConfigurations = (
				487CAB142621E27B008A971D /* Debug */,
				487CAB152621E27B008A971D /* Release */,
			);
			defaultConfigurationIsVisible = 0;
			defaultConfigurationName = Release;
		};
/* End XCConfigurationList section */

/* Begin XCVersionGroup section */
		487CAAF12621E27A008A971D /* myLBC.xcdatamodeld */ = {
			isa = XCVersionGroup;
			children = (
				487CAAF22621E27A008A971D /* myLBC.xcdatamodel */,
			);
			currentVersion = 487CAAF22621E27A008A971D /* myLBC.xcdatamodel */;
			path = myLBC.xcdatamodeld;
			sourceTree = "<group>";
			versionGroupType = wrapper.xcdatamodel;
		};
/* End XCVersionGroup section */
	};
	rootObject = 487CAADB2621E279008A971D /* Project object */;
}
